// !$*UTF8*$!
{
	archiveVersion = 1;
	classes = {
	};
	objectVersion = 55;
	objects = {

/* Begin PBXBuildFile section */
		53289AAF27CC62AD00A98FB2 /* FlightDetailViewAdapterMVVM.swift in Sources */ = {isa = PBXBuildFile; fileRef = 53289AAE27CC62AD00A98FB2 /* FlightDetailViewAdapterMVVM.swift */; };
		53289AB027CC62AD00A98FB2 /* FlightsListViewAdapterMVVM.swift in Sources */ = {isa = PBXBuildFile; fileRef = 53289AAD27CC62AD00A98FB2 /* FlightsListViewAdapterMVVM.swift */; };
		5365633F27C58BD200B246C3 /* FlightsMVPPresentation in Frameworks */ = {isa = PBXBuildFile; productRef = 5365633E27C58BD200B246C3 /* FlightsMVPPresentation */; };
		5365634127C58E0700B246C3 /* FlightsDomain in Frameworks */ = {isa = PBXBuildFile; productRef = 5365634027C58E0700B246C3 /* FlightsDomain */; };
		5365634327CC471700B246C3 /* FlightsMVVMPresentation in Frameworks */ = {isa = PBXBuildFile; productRef = 5365634227CC471700B246C3 /* FlightsMVVMPresentation */; };
		53AFFD5C27CFBB3800F42C55 /* UIKitFlightsListFactoryMVP.swift in Sources */ = {isa = PBXBuildFile; fileRef = 53AFFD5B27CFBB3800F42C55 /* UIKitFlightsListFactoryMVP.swift */; };
		53AFFD5E27D219BE00F42C55 /* AnalyticsFlightsUtils.swift in Sources */ = {isa = PBXBuildFile; fileRef = 53AFFD5D27D219BE00F42C55 /* AnalyticsFlightsUtils.swift */; };
		53AFFD6427D21A2E00F42C55 /* UIKitModalFlightsFlow.swift in Sources */ = {isa = PBXBuildFile; fileRef = 53AFFD6327D21A2E00F42C55 /* UIKitModalFlightsFlow.swift */; };
		53AFFD6627D21BA900F42C55 /* UIKitFlightsDetailFactoryMVP.swift in Sources */ = {isa = PBXBuildFile; fileRef = 53AFFD6527D21BA900F42C55 /* UIKitFlightsDetailFactoryMVP.swift */; };
		53E8976D27B27A9A00A73444 /* SwiftUIExampleApp.swift in Sources */ = {isa = PBXBuildFile; fileRef = 53E8976C27B27A9A00A73444 /* SwiftUIExampleApp.swift */; };
		53E8979C27B31D7200A73444 /* FlightDetailViewAdapterMVP.swift in Sources */ = {isa = PBXBuildFile; fileRef = 53E8979B27B31D7200A73444 /* FlightDetailViewAdapterMVP.swift */; };
		53E8979E27B31D7E00A73444 /* FlightsListViewAdapterMVP.swift in Sources */ = {isa = PBXBuildFile; fileRef = 53E8979D27B31D7E00A73444 /* FlightsListViewAdapterMVP.swift */; };
		53E897A127B31E2500A73444 /* NavigationFlightsFlow.swift in Sources */ = {isa = PBXBuildFile; fileRef = 53E897A027B31E2500A73444 /* NavigationFlightsFlow.swift */; };
		53E897A327B31E3200A73444 /* ModalFlightsFlow.swift in Sources */ = {isa = PBXBuildFile; fileRef = 53E897A227B31E3200A73444 /* ModalFlightsFlow.swift */; };
		53E897A727B3C5C300A73444 /* MockedFlightsRepository.swift in Sources */ = {isa = PBXBuildFile; fileRef = 53E897A627B3C5C300A73444 /* MockedFlightsRepository.swift */; };
/* End PBXBuildFile section */

/* Begin PBXFileReference section */
		53289AAD27CC62AD00A98FB2 /* FlightsListViewAdapterMVVM.swift */ = {isa = PBXFileReference; lastKnownFileType = sourcecode.swift; path = FlightsListViewAdapterMVVM.swift; sourceTree = "<group>"; };
		53289AAE27CC62AD00A98FB2 /* FlightDetailViewAdapterMVVM.swift */ = {isa = PBXFileReference; lastKnownFileType = sourcecode.swift; path = FlightDetailViewAdapterMVVM.swift; sourceTree = "<group>"; };
		5365633C27C58BCF00B246C3 /* Info.plist */ = {isa = PBXFileReference; lastKnownFileType = text.plist; path = Info.plist; sourceTree = "<group>"; };
		53AFFD5B27CFBB3800F42C55 /* UIKitFlightsListFactoryMVP.swift */ = {isa = PBXFileReference; lastKnownFileType = sourcecode.swift; path = UIKitFlightsListFactoryMVP.swift; sourceTree = "<group>"; };
		53AFFD5D27D219BE00F42C55 /* AnalyticsFlightsUtils.swift */ = {isa = PBXFileReference; lastKnownFileType = sourcecode.swift; path = AnalyticsFlightsUtils.swift; sourceTree = "<group>"; };
		53AFFD6327D21A2E00F42C55 /* UIKitModalFlightsFlow.swift */ = {isa = PBXFileReference; lastKnownFileType = sourcecode.swift; path = UIKitModalFlightsFlow.swift; sourceTree = "<group>"; };
		53AFFD6527D21BA900F42C55 /* UIKitFlightsDetailFactoryMVP.swift */ = {isa = PBXFileReference; lastKnownFileType = sourcecode.swift; path = UIKitFlightsDetailFactoryMVP.swift; sourceTree = "<group>"; };
		53E8976927B27A9A00A73444 /* SwiftUIMVPExample.app */ = {isa = PBXFileReference; explicitFileType = wrapper.application; includeInIndex = 0; path = SwiftUIMVPExample.app; sourceTree = BUILT_PRODUCTS_DIR; };
		53E8976C27B27A9A00A73444 /* SwiftUIExampleApp.swift */ = {isa = PBXFileReference; lastKnownFileType = sourcecode.swift; path = SwiftUIExampleApp.swift; sourceTree = "<group>"; };
		53E8979B27B31D7200A73444 /* FlightDetailViewAdapterMVP.swift */ = {isa = PBXFileReference; lastKnownFileType = sourcecode.swift; path = FlightDetailViewAdapterMVP.swift; sourceTree = "<group>"; };
		53E8979D27B31D7E00A73444 /* FlightsListViewAdapterMVP.swift */ = {isa = PBXFileReference; lastKnownFileType = sourcecode.swift; path = FlightsListViewAdapterMVP.swift; sourceTree = "<group>"; };
		53E897A027B31E2500A73444 /* NavigationFlightsFlow.swift */ = {isa = PBXFileReference; lastKnownFileType = sourcecode.swift; path = NavigationFlightsFlow.swift; sourceTree = "<group>"; };
		53E897A227B31E3200A73444 /* ModalFlightsFlow.swift */ = {isa = PBXFileReference; lastKnownFileType = sourcecode.swift; path = ModalFlightsFlow.swift; sourceTree = "<group>"; };
		53E897A627B3C5C300A73444 /* MockedFlightsRepository.swift */ = {isa = PBXFileReference; lastKnownFileType = sourcecode.swift; path = MockedFlightsRepository.swift; sourceTree = "<group>"; };
/* End PBXFileReference section */

/* Begin PBXFrameworksBuildPhase section */
		53E8976627B27A9A00A73444 /* Frameworks */ = {
			isa = PBXFrameworksBuildPhase;
			buildActionMask = 2147483647;
			files = (
				5365634127C58E0700B246C3 /* FlightsDomain in Frameworks */,
				5365633F27C58BD200B246C3 /* FlightsMVPPresentation in Frameworks */,
				5365634327CC471700B246C3 /* FlightsMVVMPresentation in Frameworks */,
			);
			runOnlyForDeploymentPostprocessing = 0;
		};
/* End PBXFrameworksBuildPhase section */

/* Begin PBXGroup section */
		53289AAB27CC62A700A98FB2 /* MVP */ = {
			isa = PBXGroup;
			children = (
				53AFFD5F27D219F400F42C55 /* SwiftUI */,
				53AFFD6027D219FB00F42C55 /* UIKit */,
				53AFFD5D27D219BE00F42C55 /* AnalyticsFlightsUtils.swift */,
			);
			path = MVP;
			sourceTree = "<group>";
		};
		53289AAC27CC62AD00A98FB2 /* MVVM */ = {
			isa = PBXGroup;
			children = (
				53289AAD27CC62AD00A98FB2 /* FlightsListViewAdapterMVVM.swift */,
				53289AAE27CC62AD00A98FB2 /* FlightDetailViewAdapterMVVM.swift */,
			);
			name = MVVM;
			path = Flows/MVVM;
			sourceTree = "<group>";
		};
		5365633D27C58BD200B246C3 /* Frameworks */ = {
			isa = PBXGroup;
			children = (
			);
			name = Frameworks;
			sourceTree = "<group>";
		};
		53AFFD5F27D219F400F42C55 /* SwiftUI */ = {
			isa = PBXGroup;
			children = (
				53E8979D27B31D7E00A73444 /* FlightsListViewAdapterMVP.swift */,
				53E8979B27B31D7200A73444 /* FlightDetailViewAdapterMVP.swift */,
			);
			path = SwiftUI;
			sourceTree = "<group>";
		};
		53AFFD6027D219FB00F42C55 /* UIKit */ = {
			isa = PBXGroup;
			children = (
				53AFFD6527D21BA900F42C55 /* UIKitFlightsDetailFactoryMVP.swift */,
				53AFFD5B27CFBB3800F42C55 /* UIKitFlightsListFactoryMVP.swift */,
			);
			path = UIKit;
			sourceTree = "<group>";
		};
		53AFFD6127D21A1400F42C55 /* SwiftUI */ = {
			isa = PBXGroup;
			children = (
				53B5822227E1E6AF004101A3 /* MVVM */,
				53B5822327E1E6B8004101A3 /* MVP */,
			);
			path = SwiftUI;
			sourceTree = "<group>";
		};
		53AFFD6227D21A1C00F42C55 /* UIKit */ = {
			isa = PBXGroup;
			children = (
				53AFFD6327D21A2E00F42C55 /* UIKitModalFlightsFlow.swift */,
			);
			path = UIKit;
			sourceTree = "<group>";
		};
		53B5822227E1E6AF004101A3 /* MVVM */ = {
			isa = PBXGroup;
			children = (
				53E897A227B31E3200A73444 /* ModalFlightsFlow.swift */,
			);
			path = MVVM;
			sourceTree = "<group>";
		};
		53B5822327E1E6B8004101A3 /* MVP */ = {
			isa = PBXGroup;
			children = (
				53E897A027B31E2500A73444 /* NavigationFlightsFlow.swift */,
			);
			path = MVP;
			sourceTree = "<group>";
		};
		53E8976027B27A9A00A73444 = {
			isa = PBXGroup;
			children = (
				53E8976B27B27A9A00A73444 /* SwiftUIMVPExample */,
				53E8976A27B27A9A00A73444 /* Products */,
				5365633D27C58BD200B246C3 /* Frameworks */,
			);
			sourceTree = "<group>";
		};
		53E8976A27B27A9A00A73444 /* Products */ = {
			isa = PBXGroup;
			children = (
				53E8976927B27A9A00A73444 /* SwiftUIMVPExample.app */,
			);
			name = Products;
			sourceTree = "<group>";
		};
		53E8976B27B27A9A00A73444 /* SwiftUIMVPExample */ = {
			isa = PBXGroup;
			children = (
				5365633C27C58BCF00B246C3 /* Info.plist */,
				53E8979F27B31DF300A73444 /* FlightsDI */,
				53E8976C27B27A9A00A73444 /* SwiftUIExampleApp.swift */,
			);
			path = SwiftUIMVPExample;
			sourceTree = "<group>";
		};
		53E8979F27B31DF300A73444 /* FlightsDI */ = {
			isa = PBXGroup;
			children = (
				53E897A927B3C60B00A73444 /* Infrastructure */,
				53E897A427B31E6100A73444 /* Flows */,
				53289AAC27CC62AD00A98FB2 /* MVVM */,
				53289AAB27CC62A700A98FB2 /* MVP */,
			);
			path = FlightsDI;
			sourceTree = "<group>";
		};
		53E897A427B31E6100A73444 /* Flows */ = {
			isa = PBXGroup;
			children = (
				53AFFD6227D21A1C00F42C55 /* UIKit */,
				53AFFD6127D21A1400F42C55 /* SwiftUI */,
			);
			path = Flows;
			sourceTree = "<group>";
		};
		53E897A927B3C60B00A73444 /* Infrastructure */ = {
			isa = PBXGroup;
			children = (
				53E897A627B3C5C300A73444 /* MockedFlightsRepository.swift */,
			);
			path = Infrastructure;
			sourceTree = "<group>";
		};
/* End PBXGroup section */

/* Begin PBXNativeTarget section */
		53E8976827B27A9A00A73444 /* SwiftUIMVPExample */ = {
			isa = PBXNativeTarget;
			buildConfigurationList = 53E8977727B27A9C00A73444 /* Build configuration list for PBXNativeTarget "SwiftUIMVPExample" */;
			buildPhases = (
				53E8976527B27A9A00A73444 /* Sources */,
				53E8976627B27A9A00A73444 /* Frameworks */,
				53E8976727B27A9A00A73444 /* Resources */,
			);
			buildRules = (
			);
			dependencies = (
			);
			name = SwiftUIMVPExample;
			packageProductDependencies = (
				5365633E27C58BD200B246C3 /* FlightsMVPPresentation */,
				5365634027C58E0700B246C3 /* FlightsDomain */,
				5365634227CC471700B246C3 /* FlightsMVVMPresentation */,
			);
			productName = SwiftUIMVPExample;
			productReference = 53E8976927B27A9A00A73444 /* SwiftUIMVPExample.app */;
			productType = "com.apple.product-type.application";
		};
/* End PBXNativeTarget section */

/* Begin PBXProject section */
		53E8976127B27A9A00A73444 /* Project object */ = {
			isa = PBXProject;
			attributes = {
				BuildIndependentTargetsInParallel = 1;
				LastSwiftUpdateCheck = 1300;
				LastUpgradeCheck = 1300;
				TargetAttributes = {
					53E8976827B27A9A00A73444 = {
						CreatedOnToolsVersion = 13.0;
					};
				};
			};
			buildConfigurationList = 53E8976427B27A9A00A73444 /* Build configuration list for PBXProject "SwiftUIMVPExample" */;
			compatibilityVersion = "Xcode 13.0";
			developmentRegion = en;
			hasScannedForEncodings = 0;
			knownRegions = (
				en,
				Base,
			);
			mainGroup = 53E8976027B27A9A00A73444;
			productRefGroup = 53E8976A27B27A9A00A73444 /* Products */;
			projectDirPath = "";
			projectRoot = "";
			targets = (
				53E8976827B27A9A00A73444 /* SwiftUIMVPExample */,
			);
		};
/* End PBXProject section */

/* Begin PBXResourcesBuildPhase section */
		53E8976727B27A9A00A73444 /* Resources */ = {
			isa = PBXResourcesBuildPhase;
			buildActionMask = 2147483647;
			files = (
			);
			runOnlyForDeploymentPostprocessing = 0;
		};
/* End PBXResourcesBuildPhase section */

/* Begin PBXSourcesBuildPhase section */
		53E8976527B27A9A00A73444 /* Sources */ = {
			isa = PBXSourcesBuildPhase;
			buildActionMask = 2147483647;
			files = (
				53289AB027CC62AD00A98FB2 /* FlightsListViewAdapterMVVM.swift in Sources */,
				53E8979E27B31D7E00A73444 /* FlightsListViewAdapterMVP.swift in Sources */,
				53AFFD6427D21A2E00F42C55 /* UIKitModalFlightsFlow.swift in Sources */,
				53E897A327B31E3200A73444 /* ModalFlightsFlow.swift in Sources */,
				53E897A727B3C5C300A73444 /* MockedFlightsRepository.swift in Sources */,
				53289AAF27CC62AD00A98FB2 /* FlightDetailViewAdapterMVVM.swift in Sources */,
				53E8979C27B31D7200A73444 /* FlightDetailViewAdapterMVP.swift in Sources */,
				53AFFD5C27CFBB3800F42C55 /* UIKitFlightsListFactoryMVP.swift in Sources */,
				53E897A127B31E2500A73444 /* NavigationFlightsFlow.swift in Sources */,
				53AFFD6627D21BA900F42C55 /* UIKitFlightsDetailFactoryMVP.swift in Sources */,
				53AFFD5E27D219BE00F42C55 /* AnalyticsFlightsUtils.swift in Sources */,
				53E8976D27B27A9A00A73444 /* SwiftUIExampleApp.swift in Sources */,
			);
			runOnlyForDeploymentPostprocessing = 0;
		};
/* End PBXSourcesBuildPhase section */

/* Begin XCBuildConfiguration section */
		53E8977527B27A9C00A73444 /* Debug */ = {
			isa = XCBuildConfiguration;
			buildSettings = {
				ALWAYS_SEARCH_USER_PATHS = NO;
				CLANG_ANALYZER_NONNULL = YES;
				CLANG_ANALYZER_NUMBER_OBJECT_CONVERSION = YES_AGGRESSIVE;
				CLANG_CXX_LANGUAGE_STANDARD = "gnu++17";
				CLANG_CXX_LIBRARY = "libc++";
				CLANG_ENABLE_MODULES = YES;
				CLANG_ENABLE_OBJC_ARC = YES;
				CLANG_ENABLE_OBJC_WEAK = YES;
				CLANG_WARN_BLOCK_CAPTURE_AUTORELEASING = YES;
				CLANG_WARN_BOOL_CONVERSION = YES;
				CLANG_WARN_COMMA = YES;
				CLANG_WARN_CONSTANT_CONVERSION = YES;
				CLANG_WARN_DEPRECATED_OBJC_IMPLEMENTATIONS = YES;
				CLANG_WARN_DIRECT_OBJC_ISA_USAGE = YES_ERROR;
				CLANG_WARN_DOCUMENTATION_COMMENTS = YES;
				CLANG_WARN_EMPTY_BODY = YES;
				CLANG_WARN_ENUM_CONVERSION = YES;
				CLANG_WARN_INFINITE_RECURSION = YES;
				CLANG_WARN_INT_CONVERSION = YES;
				CLANG_WARN_NON_LITERAL_NULL_CONVERSION = YES;
				CLANG_WARN_OBJC_IMPLICIT_RETAIN_SELF = YES;
				CLANG_WARN_OBJC_LITERAL_CONVERSION = YES;
				CLANG_WARN_OBJC_ROOT_CLASS = YES_ERROR;
				CLANG_WARN_QUOTED_INCLUDE_IN_FRAMEWORK_HEADER = YES;
				CLANG_WARN_RANGE_LOOP_ANALYSIS = YES;
				CLANG_WARN_STRICT_PROTOTYPES = YES;
				CLANG_WARN_SUSPICIOUS_MOVE = YES;
				CLANG_WARN_UNGUARDED_AVAILABILITY = YES_AGGRESSIVE;
				CLANG_WARN_UNREACHABLE_CODE = YES;
				CLANG_WARN__DUPLICATE_METHOD_MATCH = YES;
				COPY_PHASE_STRIP = NO;
				DEBUG_INFORMATION_FORMAT = dwarf;
				ENABLE_STRICT_OBJC_MSGSEND = YES;
				ENABLE_TESTABILITY = YES;
				GCC_C_LANGUAGE_STANDARD = gnu11;
				GCC_DYNAMIC_NO_PIC = NO;
				GCC_NO_COMMON_BLOCKS = YES;
				GCC_OPTIMIZATION_LEVEL = 0;
				GCC_PREPROCESSOR_DEFINITIONS = (
					"DEBUG=1",
					"$(inherited)",
				);
				GCC_WARN_64_TO_32_BIT_CONVERSION = YES;
				GCC_WARN_ABOUT_RETURN_TYPE = YES_ERROR;
				GCC_WARN_UNDECLARED_SELECTOR = YES;
				GCC_WARN_UNINITIALIZED_AUTOS = YES_AGGRESSIVE;
				GCC_WARN_UNUSED_FUNCTION = YES;
				GCC_WARN_UNUSED_VARIABLE = YES;
				IPHONEOS_DEPLOYMENT_TARGET = 15.0;
				MTL_ENABLE_DEBUG_INFO = INCLUDE_SOURCE;
				MTL_FAST_MATH = YES;
				ONLY_ACTIVE_ARCH = YES;
				SDKROOT = iphoneos;
				SWIFT_ACTIVE_COMPILATION_CONDITIONS = DEBUG;
				SWIFT_OPTIMIZATION_LEVEL = "-Onone";
			};
			name = Debug;
		};
		53E8977627B27A9C00A73444 /* Release */ = {
			isa = XCBuildConfiguration;
			buildSettings = {
				ALWAYS_SEARCH_USER_PATHS = NO;
				CLANG_ANALYZER_NONNULL = YES;
				CLANG_ANALYZER_NUMBER_OBJECT_CONVERSION = YES_AGGRESSIVE;
				CLANG_CXX_LANGUAGE_STANDARD = "gnu++17";
				CLANG_CXX_LIBRARY = "libc++";
				CLANG_ENABLE_MODULES = YES;
				CLANG_ENABLE_OBJC_ARC = YES;
				CLANG_ENABLE_OBJC_WEAK = YES;
				CLANG_WARN_BLOCK_CAPTURE_AUTORELEASING = YES;
				CLANG_WARN_BOOL_CONVERSION = YES;
				CLANG_WARN_COMMA = YES;
				CLANG_WARN_CONSTANT_CONVERSION = YES;
				CLANG_WARN_DEPRECATED_OBJC_IMPLEMENTATIONS = YES;
				CLANG_WARN_DIRECT_OBJC_ISA_USAGE = YES_ERROR;
				CLANG_WARN_DOCUMENTATION_COMMENTS = YES;
				CLANG_WARN_EMPTY_BODY = YES;
				CLANG_WARN_ENUM_CONVERSION = YES;
				CLANG_WARN_INFINITE_RECURSION = YES;
				CLANG_WARN_INT_CONVERSION = YES;
				CLANG_WARN_NON_LITERAL_NULL_CONVERSION = YES;
				CLANG_WARN_OBJC_IMPLICIT_RETAIN_SELF = YES;
				CLANG_WARN_OBJC_LITERAL_CONVERSION = YES;
				CLANG_WARN_OBJC_ROOT_CLASS = YES_ERROR;
				CLANG_WARN_QUOTED_INCLUDE_IN_FRAMEWORK_HEADER = YES;
				CLANG_WARN_RANGE_LOOP_ANALYSIS = YES;
				CLANG_WARN_STRICT_PROTOTYPES = YES;
				CLANG_WARN_SUSPICIOUS_MOVE = YES;
				CLANG_WARN_UNGUARDED_AVAILABILITY = YES_AGGRESSIVE;
				CLANG_WARN_UNREACHABLE_CODE = YES;
				CLANG_WARN__DUPLICATE_METHOD_MATCH = YES;
				COPY_PHASE_STRIP = NO;
				DEBUG_INFORMATION_FORMAT = "dwarf-with-dsym";
				ENABLE_NS_ASSERTIONS = NO;
				ENABLE_STRICT_OBJC_MSGSEND = YES;
				GCC_C_LANGUAGE_STANDARD = gnu11;
				GCC_NO_COMMON_BLOCKS = YES;
				GCC_WARN_64_TO_32_BIT_CONVERSION = YES;
				GCC_WARN_ABOUT_RETURN_TYPE = YES_ERROR;
				GCC_WARN_UNDECLARED_SELECTOR = YES;
				GCC_WARN_UNINITIALIZED_AUTOS = YES_AGGRESSIVE;
				GCC_WARN_UNUSED_FUNCTION = YES;
				GCC_WARN_UNUSED_VARIABLE = YES;
				IPHONEOS_DEPLOYMENT_TARGET = 15.0;
				MTL_ENABLE_DEBUG_INFO = NO;
				MTL_FAST_MATH = YES;
				SDKROOT = iphoneos;
				SWIFT_COMPILATION_MODE = wholemodule;
				SWIFT_OPTIMIZATION_LEVEL = "-O";
				VALIDATE_PRODUCT = YES;
			};
			name = Release;
		};
		53E8977827B27A9C00A73444 /* Debug */ = {
			isa = XCBuildConfiguration;
			buildSettings = {
				ASSETCATALOG_COMPILER_APPICON_NAME = AppIcon;
				ASSETCATALOG_COMPILER_GLOBAL_ACCENT_COLOR_NAME = AccentColor;
				CODE_SIGN_STYLE = Automatic;
				CURRENT_PROJECT_VERSION = 1;
				DEVELOPMENT_TEAM = L6DQA3VYBP;
				ENABLE_PREVIEWS = YES;
				GENERATE_INFOPLIST_FILE = YES;
				INFOPLIST_FILE = SwiftUIMVPExample/Info.plist;
				INFOPLIST_KEY_UIApplicationSceneManifest_Generation = YES;
				INFOPLIST_KEY_UIApplicationSupportsIndirectInputEvents = YES;
				INFOPLIST_KEY_UILaunchScreen_Generation = YES;
				INFOPLIST_KEY_UISupportedInterfaceOrientations_iPad = "UIInterfaceOrientationPortrait UIInterfaceOrientationPortraitUpsideDown UIInterfaceOrientationLandscapeLeft UIInterfaceOrientationLandscapeRight";
				INFOPLIST_KEY_UISupportedInterfaceOrientations_iPhone = "UIInterfaceOrientationPortrait UIInterfaceOrientationLandscapeLeft UIInterfaceOrientationLandscapeRight";
				IPHONEOS_DEPLOYMENT_TARGET = 14.0;
				LD_RUNPATH_SEARCH_PATHS = (
					"$(inherited)",
					"@executable_path/Frameworks",
				);
				MARKETING_VERSION = 1.0;
				PRODUCT_BUNDLE_IDENTIFIER = com.frugoman.SwiftUIMVPExample;
				PRODUCT_NAME = "$(TARGET_NAME)";
				SWIFT_EMIT_LOC_STRINGS = YES;
				SWIFT_VERSION = 5.0;
				TARGETED_DEVICE_FAMILY = "1,2";
			};
			name = Debug;
		};
		53E8977927B27A9C00A73444 /* Release */ = {
			isa = XCBuildConfiguration;
			buildSettings = {
				ASSETCATALOG_COMPILER_APPICON_NAME = AppIcon;
				ASSETCATALOG_COMPILER_GLOBAL_ACCENT_COLOR_NAME = AccentColor;
				CODE_SIGN_STYLE = Automatic;
				CURRENT_PROJECT_VERSION = 1;
				DEVELOPMENT_TEAM = L6DQA3VYBP;
				ENABLE_PREVIEWS = YES;
				GENERATE_INFOPLIST_FILE = YES;
				INFOPLIST_FILE = SwiftUIMVPExample/Info.plist;
				INFOPLIST_KEY_UIApplicationSceneManifest_Generation = YES;
				INFOPLIST_KEY_UIApplicationSupportsIndirectInputEvents = YES;
				INFOPLIST_KEY_UILaunchScreen_Generation = YES;
				INFOPLIST_KEY_UISupportedInterfaceOrientations_iPad = "UIInterfaceOrientationPortrait UIInterfaceOrientationPortraitUpsideDown UIInterfaceOrientationLandscapeLeft UIInterfaceOrientationLandscapeRight";
				INFOPLIST_KEY_UISupportedInterfaceOrientations_iPhone = "UIInterfaceOrientationPortrait UIInterfaceOrientationLandscapeLeft UIInterfaceOrientationLandscapeRight";
				IPHONEOS_DEPLOYMENT_TARGET = 14.0;
				LD_RUNPATH_SEARCH_PATHS = (
					"$(inherited)",
					"@executable_path/Frameworks",
				);
				MARKETING_VERSION = 1.0;
				PRODUCT_BUNDLE_IDENTIFIER = com.frugoman.SwiftUIMVPExample;
				PRODUCT_NAME = "$(TARGET_NAME)";
				SWIFT_EMIT_LOC_STRINGS = YES;
				SWIFT_VERSION = 5.0;
				TARGETED_DEVICE_FAMILY = "1,2";
			};
			name = Release;
		};
/* End XCBuildConfiguration section */

/* Begin XCConfigurationList section */
		53E8976427B27A9A00A73444 /* Build configuration list for PBXProject "SwiftUIMVPExample" */ = {
			isa = XCConfigurationList;
			buildConfigurations = (
				53E8977527B27A9C00A73444 /* Debug */,
				53E8977627B27A9C00A73444 /* Release */,
			);
			defaultConfigurationIsVisible = 0;
			defaultConfigurationName = Release;
		};
		53E8977727B27A9C00A73444 /* Build configuration list for PBXNativeTarget "SwiftUIMVPExample" */ = {
			isa = XCConfigurationList;
			buildConfigurations = (
				53E8977827B27A9C00A73444 /* Debug */,
				53E8977927B27A9C00A73444 /* Release */,
			);
			defaultConfigurationIsVisible = 0;
			defaultConfigurationName = Release;
		};
/* End XCConfigurationList section */

/* Begin XCSwiftPackageProductDependency section */
		5365633E27C58BD200B246C3 /* FlightsMVPPresentation */ = {
			isa = XCSwiftPackageProductDependency;
			productName = FlightsMVPPresentation;
		};
		5365634027C58E0700B246C3 /* FlightsDomain */ = {
			isa = XCSwiftPackageProductDependency;
			productName = FlightsDomain;
		};
		5365634227CC471700B246C3 /* FlightsMVVMPresentation */ = {
			isa = XCSwiftPackageProductDependency;
			productName = FlightsMVVMPresentation;
		};
/* End XCSwiftPackageProductDependency section */
	};
	rootObject = 53E8976127B27A9A00A73444 /* Project object */;
}
